
Microsoft Visual Studio Solution File, Format Version 12.00
Project("{2150E333-8FDC-42A3-9474-1A3956D46DE8}") = "src", "src", "{68FFD3DB-39D0-445C-9469-51F46C65B282}"
EndProject
Project("{2150E333-8FDC-42A3-9474-1A3956D46DE8}") = "tests", "tests", "{DDDDFF30-F654-46DE-B5BC-F2B500D15634}"
EndProject
Project("{FAE04EC0-301F-11D3-BF4B-00C04F79EFBC}") = "GymLog.Domain", "GymLog.Domain\GymLog.Domain.csproj", "{11B48805-D6F1-423B-A584-1C23AB20F563}"
EndProject
Project("{FAE04EC0-301F-11D3-BF4B-00C04F79EFBC}") = "GymLog.Domain.Tests", "GymLog.Domain.Tests\GymLog.Domain.Tests.csproj", "{73F32D99-6FB4-464E-8101-F920D388FAD9}"
EndProject
Project("{FAE04EC0-301F-11D3-BF4B-00C04F79EFBC}") = "GymLog.Application", "GymLog.Application\GymLog.Application.csproj", "{AC3E3CCF-A16A-4E2B-B00C-A3CB5D476880}"
EndProject
Project("{FAE04EC0-301F-11D3-BF4B-00C04F79EFBC}") = "GymLog.Application.Tests", "GymLog.Application.Tests\GymLog.Application.Tests.csproj", "{0CB6DAC5-5A30-4138-AEC8-D55EAE647BD8}"
EndProject
Project("{FAE04EC0-301F-11D3-BF4B-00C04F79EFBC}") = "GymLog.Infrastructure", "GymLog.Infrastructure\GymLog.Infrastructure.csproj", "{1C776723-A401-4BCE-9E9F-9906B91DA822}"
EndProject
Project("{FAE04EC0-301F-11D3-BF4B-00C04F79EFBC}") = "GymLog.Api", "GymLog.Api\GymLog.Api.csproj", "{BACB2CD0-0F00-4EFF-9B86-C32433DE5C52}"
EndProject
Project("{FAE04EC0-301F-11D3-BF4B-00C04F79EFBC}") = "GymLog.Web", "GymLog.Web\GymLog.Web.csproj", "{4A2F6BEA-2E18-4A62-B75F-BB5DD3668C7C}"
EndProject
Project("{FAE04EC0-301F-11D3-BF4B-00C04F79EFBC}") = "GymLab.IntegrationTests", "GymLab.IntegrationTests\GymLab.IntegrationTests.csproj", "{B3AB9946-B3F7-44B3-B598-1D4FFC5FF740}"
EndProject
Project("{FAE04EC0-301F-11D3-BF4B-00C04F79EFBC}") = "GymLog.Web.Tests", "GymLog.Web.Tests\GymLog.Web.Tests.csproj", "{D99ACE55-DF88-42BC-BD42-595727FDEB25}"
EndProject
Project("{2150E333-8FDC-42A3-9474-1A3956D46DE8}") = "Solution Items", "Solution Items", "{79AE78B9-D47E-4152-96A4-93A16A4A9E4B}"
	ProjectSection(SolutionItems) = preProject
		docker-compose.yml = docker-compose.yml
	EndProjectSection
EndProject
Global
	GlobalSection(SolutionConfigurationPlatforms) = preSolution
		Debug|Any CPU = Debug|Any CPU
		Release|Any CPU = Release|Any CPU
	EndGlobalSection
	GlobalSection(NestedProjects) = preSolution
		{11B48805-D6F1-423B-A584-1C23AB20F563} = {68FFD3DB-39D0-445C-9469-51F46C65B282}
		{73F32D99-6FB4-464E-8101-F920D388FAD9} = {DDDDFF30-F654-46DE-B5BC-F2B500D15634}
		{AC3E3CCF-A16A-4E2B-B00C-A3CB5D476880} = {68FFD3DB-39D0-445C-9469-51F46C65B282}
		{0CB6DAC5-5A30-4138-AEC8-D55EAE647BD8} = {DDDDFF30-F654-46DE-B5BC-F2B500D15634}
		{1C776723-A401-4BCE-9E9F-9906B91DA822} = {68FFD3DB-39D0-445C-9469-51F46C65B282}
		{BACB2CD0-0F00-4EFF-9B86-C32433DE5C52} = {68FFD3DB-39D0-445C-9469-51F46C65B282}
		{4A2F6BEA-2E18-4A62-B75F-BB5DD3668C7C} = {68FFD3DB-39D0-445C-9469-51F46C65B282}
		{B3AB9946-B3F7-44B3-B598-1D4FFC5FF740} = {DDDDFF30-F654-46DE-B5BC-F2B500D15634}
		{D99ACE55-DF88-42BC-BD42-595727FDEB25} = {DDDDFF30-F654-46DE-B5BC-F2B500D15634}
	EndGlobalSection
	GlobalSection(ProjectConfigurationPlatforms) = postSolution
		{11B48805-D6F1-423B-A584-1C23AB20F563}.Debug|Any CPU.ActiveCfg = Debug|Any CPU
		{11B48805-D6F1-423B-A584-1C23AB20F563}.Debug|Any CPU.Build.0 = Debug|Any CPU
		{11B48805-D6F1-423B-A584-1C23AB20F563}.Release|Any CPU.ActiveCfg = Release|Any CPU
		{11B48805-D6F1-423B-A584-1C23AB20F563}.Release|Any CPU.Build.0 = Release|Any CPU
		{73F32D99-6FB4-464E-8101-F920D388FAD9}.Debug|Any CPU.ActiveCfg = Debug|Any CPU
		{73F32D99-6FB4-464E-8101-F920D388FAD9}.Debug|Any CPU.Build.0 = Debug|Any CPU
		{73F32D99-6FB4-464E-8101-F920D388FAD9}.Release|Any CPU.ActiveCfg = Release|Any CPU
		{73F32D99-6FB4-464E-8101-F920D388FAD9}.Release|Any CPU.Build.0 = Release|Any CPU
		{AC3E3CCF-A16A-4E2B-B00C-A3CB5D476880}.Debug|Any CPU.ActiveCfg = Debug|Any CPU
		{AC3E3CCF-A16A-4E2B-B00C-A3CB5D476880}.Debug|Any CPU.Build.0 = Debug|Any CPU
		{AC3E3CCF-A16A-4E2B-B00C-A3CB5D476880}.Release|Any CPU.ActiveCfg = Release|Any CPU
		{AC3E3CCF-A16A-4E2B-B00C-A3CB5D476880}.Release|Any CPU.Build.0 = Release|Any CPU
		{0CB6DAC5-5A30-4138-AEC8-D55EAE647BD8}.Debug|Any CPU.ActiveCfg = Debug|Any CPU
		{0CB6DAC5-5A30-4138-AEC8-D55EAE647BD8}.Debug|Any CPU.Build.0 = Debug|Any CPU
		{0CB6DAC5-5A30-4138-AEC8-D55EAE647BD8}.Release|Any CPU.ActiveCfg = Release|Any CPU
		{0CB6DAC5-5A30-4138-AEC8-D55EAE647BD8}.Release|Any CPU.Build.0 = Release|Any CPU
		{1C776723-A401-4BCE-9E9F-9906B91DA822}.Debug|Any CPU.ActiveCfg = Debug|Any CPU
		{1C776723-A401-4BCE-9E9F-9906B91DA822}.Debug|Any CPU.Build.0 = Debug|Any CPU
		{1C776723-A401-4BCE-9E9F-9906B91DA822}.Release|Any CPU.ActiveCfg = Release|Any CPU
		{1C776723-A401-4BCE-9E9F-9906B91DA822}.Release|Any CPU.Build.0 = Release|Any CPU
		{BACB2CD0-0F00-4EFF-9B86-C32433DE5C52}.Debug|Any CPU.ActiveCfg = Debug|Any CPU
		{BACB2CD0-0F00-4EFF-9B86-C32433DE5C52}.Debug|Any CPU.Build.0 = Debug|Any CPU
		{BACB2CD0-0F00-4EFF-9B86-C32433DE5C52}.Release|Any CPU.ActiveCfg = Release|Any CPU
		{BACB2CD0-0F00-4EFF-9B86-C32433DE5C52}.Release|Any CPU.Build.0 = Release|Any CPU
		{4A2F6BEA-2E18-4A62-B75F-BB5DD3668C7C}.Debug|Any CPU.ActiveCfg = Debug|Any CPU
		{4A2F6BEA-2E18-4A62-B75F-BB5DD3668C7C}.Debug|Any CPU.Build.0 = Debug|Any CPU
		{4A2F6BEA-2E18-4A62-B75F-BB5DD3668C7C}.Release|Any CPU.ActiveCfg = Release|Any CPU
		{4A2F6BEA-2E18-4A62-B75F-BB5DD3668C7C}.Release|Any CPU.Build.0 = Release|Any CPU
		{B3AB9946-B3F7-44B3-B598-1D4FFC5FF740}.Debug|Any CPU.ActiveCfg = Debug|Any CPU
		{B3AB9946-B3F7-44B3-B598-1D4FFC5FF740}.Debug|Any CPU.Build.0 = Debug|Any CPU
		{B3AB9946-B3F7-44B3-B598-1D4FFC5FF740}.Release|Any CPU.ActiveCfg = Release|Any CPU
		{B3AB9946-B3F7-44B3-B598-1D4FFC5FF740}.Release|Any CPU.Build.0 = Release|Any CPU
		{D99ACE55-DF88-42BC-BD42-595727FDEB25}.Debug|Any CPU.ActiveCfg = Debug|Any CPU
		{D99ACE55-DF88-42BC-BD42-595727FDEB25}.Debug|Any CPU.Build.0 = Debug|Any CPU
		{D99ACE55-DF88-42BC-BD42-595727FDEB25}.Release|Any CPU.ActiveCfg = Release|Any CPU
		{D99ACE55-DF88-42BC-BD42-595727FDEB25}.Release|Any CPU.Build.0 = Release|Any CPU
	EndGlobalSection
EndGlobal
